// !$*UTF8*$!
{
	archiveVersion = 1;
	classes = {
	};
	objectVersion = 56;
	objects = {

/* Begin PBXBuildFile section */
		D4A6ED612C16FC4100A9A37E /* AppDelegate.swift in Sources */ = {isa = PBXBuildFile; fileRef = D4A6ED602C16FC4100A9A37E /* AppDelegate.swift */; };
		D4A6ED632C16FC4100A9A37E /* SceneDelegate.swift in Sources */ = {isa = PBXBuildFile; fileRef = D4A6ED622C16FC4100A9A37E /* SceneDelegate.swift */; };
		D4A6ED652C16FC4100A9A37E /* ViewController.swift in Sources */ = {isa = PBXBuildFile; fileRef = D4A6ED642C16FC4100A9A37E /* ViewController.swift */; };
		D4A6ED682C16FC4100A9A37E /* Main.storyboard in Resources */ = {isa = PBXBuildFile; fileRef = D4A6ED662C16FC4100A9A37E /* Main.storyboard */; };
		D4A6ED6A2C16FC4400A9A37E /* Assets.xcassets in Resources */ = {isa = PBXBuildFile; fileRef = D4A6ED692C16FC4400A9A37E /* Assets.xcassets */; };
		D4A6ED6D2C16FC4400A9A37E /* LaunchScreen.storyboard in Resources */ = {isa = PBXBuildFile; fileRef = D4A6ED6B2C16FC4400A9A37E /* LaunchScreen.storyboard */; };
		D4A6ED782C16FC4400A9A37E /* LoginSignup_TestCaseTests.swift in Sources */ = {isa = PBXBuildFile; fileRef = D4A6ED772C16FC4400A9A37E /* LoginSignup_TestCaseTests.swift */; };
		D4A6ED822C16FC4400A9A37E /* LoginSignup_TestCaseUITests.swift in Sources */ = {isa = PBXBuildFile; fileRef = D4A6ED812C16FC4400A9A37E /* LoginSignup_TestCaseUITests.swift */; };
		D4A6ED842C16FC4400A9A37E /* LoginSignup_TestCaseUITestsLaunchTests.swift in Sources */ = {isa = PBXBuildFile; fileRef = D4A6ED832C16FC4400A9A37E /* LoginSignup_TestCaseUITestsLaunchTests.swift */; };
		D4A6ED952C16FD2B00A9A37E /* Storyboard.swift in Sources */ = {isa = PBXBuildFile; fileRef = D4A6ED922C16FD2B00A9A37E /* Storyboard.swift */; };
		D4A6ED962C16FD2B00A9A37E /* Coordinator.swift in Sources */ = {isa = PBXBuildFile; fileRef = D4A6ED932C16FD2B00A9A37E /* Coordinator.swift */; };
		D4A6ED972C16FD2B00A9A37E /* MainCoordinator.swift in Sources */ = {isa = PBXBuildFile; fileRef = D4A6ED942C16FD2B00A9A37E /* MainCoordinator.swift */; };
		D4A6ED9A2C16FD7D00A9A37E /* Helper.swift in Sources */ = {isa = PBXBuildFile; fileRef = D4A6ED992C16FD7D00A9A37E /* Helper.swift */; };
		D4A6ED9D2C16FE0D00A9A37E /* APIManager.swift in Sources */ = {isa = PBXBuildFile; fileRef = D4A6ED9C2C16FE0D00A9A37E /* APIManager.swift */; };
		D4A6EDA32C16FF3000A9A37E /* LoginViewModel.swift in Sources */ = {isa = PBXBuildFile; fileRef = D4A6EDA22C16FF3000A9A37E /* LoginViewModel.swift */; };
		D4A6EDA52C16FF4A00A9A37E /* LoginModel.swift in Sources */ = {isa = PBXBuildFile; fileRef = D4A6EDA42C16FF4A00A9A37E /* LoginModel.swift */; };
		D4A6EDA82C1701B900A9A37E /* ValidateData.swift in Sources */ = {isa = PBXBuildFile; fileRef = D4A6EDA72C1701B900A9A37E /* ValidateData.swift */; };
		D4A6EDB82C17090E00A9A37E /* Validation.swift in Sources */ = {isa = PBXBuildFile; fileRef = D4A6EDB72C17090E00A9A37E /* Validation.swift */; };
		D4A6EDBB2C1749F300A9A37E /* MockValidationHelper.swift in Sources */ = {isa = PBXBuildFile; fileRef = D4A6EDBA2C1749F300A9A37E /* MockValidationHelper.swift */; };
		D4A6EDBD2C174AD500A9A37E /* LoginViewModelTestCases.swift in Sources */ = {isa = PBXBuildFile; fileRef = D4A6EDBC2C174AD500A9A37E /* LoginViewModelTestCases.swift */; };
		D4A6EDC02C17755500A9A37E /* MockAPIManager.swift in Sources */ = {isa = PBXBuildFile; fileRef = D4A6EDBF2C17755500A9A37E /* MockAPIManager.swift */; };
		D4A6EDC22C1780C700A9A37E /* ApiManagerTests.swift in Sources */ = {isa = PBXBuildFile; fileRef = D4A6EDC12C1780C700A9A37E /* ApiManagerTests.swift */; };
/* End PBXBuildFile section */

/* Begin PBXContainerItemProxy section */
		D4A6ED742C16FC4400A9A37E /* PBXContainerItemProxy */ = {
			isa = PBXContainerItemProxy;
			containerPortal = D4A6ED552C16FC4100A9A37E /* Project object */;
			proxyType = 1;
			remoteGlobalIDString = D4A6ED5C2C16FC4100A9A37E;
			remoteInfo = "LoginSignup-TestCase";
		};
		D4A6ED7E2C16FC4400A9A37E /* PBXContainerItemProxy */ = {
			isa = PBXContainerItemProxy;
			containerPortal = D4A6ED552C16FC4100A9A37E /* Project object */;
			proxyType = 1;
			remoteGlobalIDString = D4A6ED5C2C16FC4100A9A37E;
			remoteInfo = "LoginSignup-TestCase";
		};
/* End PBXContainerItemProxy section */

/* Begin PBXFileReference section */
		D4A6ED5D2C16FC4100A9A37E /* LoginSignup-TestCase.app */ = {isa = PBXFileReference; explicitFileType = wrapper.application; includeInIndex = 0; path = "LoginSignup-TestCase.app"; sourceTree = BUILT_PRODUCTS_DIR; };
		D4A6ED602C16FC4100A9A37E /* AppDelegate.swift */ = {isa = PBXFileReference; lastKnownFileType = sourcecode.swift; path = AppDelegate.swift; sourceTree = "<group>"; };
		D4A6ED622C16FC4100A9A37E /* SceneDelegate.swift */ = {isa = PBXFileReference; lastKnownFileType = sourcecode.swift; path = SceneDelegate.swift; sourceTree = "<group>"; };
		D4A6ED642C16FC4100A9A37E /* ViewController.swift */ = {isa = PBXFileReference; lastKnownFileType = sourcecode.swift; path = ViewController.swift; sourceTree = "<group>"; };
		D4A6ED672C16FC4100A9A37E /* Base */ = {isa = PBXFileReference; lastKnownFileType = file.storyboard; name = Base; path = Base.lproj/Main.storyboard; sourceTree = "<group>"; };
		D4A6ED692C16FC4400A9A37E /* Assets.xcassets */ = {isa = PBXFileReference; lastKnownFileType = folder.assetcatalog; path = Assets.xcassets; sourceTree = "<group>"; };
		D4A6ED6C2C16FC4400A9A37E /* Base */ = {isa = PBXFileReference; lastKnownFileType = file.storyboard; name = Base; path = Base.lproj/LaunchScreen.storyboard; sourceTree = "<group>"; };
		D4A6ED6E2C16FC4400A9A37E /* Info.plist */ = {isa = PBXFileReference; lastKnownFileType = text.plist.xml; path = Info.plist; sourceTree = "<group>"; };
		D4A6ED732C16FC4400A9A37E /* LoginSignup-TestCaseTests.xctest */ = {isa = PBXFileReference; explicitFileType = wrapper.cfbundle; includeInIndex = 0; path = "LoginSignup-TestCaseTests.xctest"; sourceTree = BUILT_PRODUCTS_DIR; };
		D4A6ED772C16FC4400A9A37E /* LoginSignup_TestCaseTests.swift */ = {isa = PBXFileReference; lastKnownFileType = sourcecode.swift; path = LoginSignup_TestCaseTests.swift; sourceTree = "<group>"; };
		D4A6ED7D2C16FC4400A9A37E /* LoginSignup-TestCaseUITests.xctest */ = {isa = PBXFileReference; explicitFileType = wrapper.cfbundle; includeInIndex = 0; path = "LoginSignup-TestCaseUITests.xctest"; sourceTree = BUILT_PRODUCTS_DIR; };
		D4A6ED812C16FC4400A9A37E /* LoginSignup_TestCaseUITests.swift */ = {isa = PBXFileReference; lastKnownFileType = sourcecode.swift; path = LoginSignup_TestCaseUITests.swift; sourceTree = "<group>"; };
		D4A6ED832C16FC4400A9A37E /* LoginSignup_TestCaseUITestsLaunchTests.swift */ = {isa = PBXFileReference; lastKnownFileType = sourcecode.swift; path = LoginSignup_TestCaseUITestsLaunchTests.swift; sourceTree = "<group>"; };
		D4A6ED922C16FD2B00A9A37E /* Storyboard.swift */ = {isa = PBXFileReference; fileEncoding = 4; lastKnownFileType = sourcecode.swift; path = Storyboard.swift; sourceTree = "<group>"; };
		D4A6ED932C16FD2B00A9A37E /* Coordinator.swift */ = {isa = PBXFileReference; fileEncoding = 4; lastKnownFileType = sourcecode.swift; path = Coordinator.swift; sourceTree = "<group>"; };
		D4A6ED942C16FD2B00A9A37E /* MainCoordinator.swift */ = {isa = PBXFileReference; fileEncoding = 4; lastKnownFileType = sourcecode.swift; path = MainCoordinator.swift; sourceTree = "<group>"; };
		D4A6ED992C16FD7D00A9A37E /* Helper.swift */ = {isa = PBXFileReference; fileEncoding = 4; lastKnownFileType = sourcecode.swift; path = Helper.swift; sourceTree = "<group>"; };
		D4A6ED9C2C16FE0D00A9A37E /* APIManager.swift */ = {isa = PBXFileReference; fileEncoding = 4; lastKnownFileType = sourcecode.swift; path = APIManager.swift; sourceTree = "<group>"; };
		D4A6EDA22C16FF3000A9A37E /* LoginViewModel.swift */ = {isa = PBXFileReference; lastKnownFileType = sourcecode.swift; path = LoginViewModel.swift; sourceTree = "<group>"; };
		D4A6EDA42C16FF4A00A9A37E /* LoginModel.swift */ = {isa = PBXFileReference; lastKnownFileType = sourcecode.swift; path = LoginModel.swift; sourceTree = "<group>"; };
		D4A6EDA72C1701B900A9A37E /* ValidateData.swift */ = {isa = PBXFileReference; lastKnownFileType = sourcecode.swift; path = ValidateData.swift; sourceTree = "<group>"; };
		D4A6EDB72C17090E00A9A37E /* Validation.swift */ = {isa = PBXFileReference; lastKnownFileType = sourcecode.swift; path = Validation.swift; sourceTree = "<group>"; };
		D4A6EDBA2C1749F300A9A37E /* MockValidationHelper.swift */ = {isa = PBXFileReference; lastKnownFileType = sourcecode.swift; path = MockValidationHelper.swift; sourceTree = "<group>"; };
		D4A6EDBC2C174AD500A9A37E /* LoginViewModelTestCases.swift */ = {isa = PBXFileReference; lastKnownFileType = sourcecode.swift; path = LoginViewModelTestCases.swift; sourceTree = "<group>"; };
		D4A6EDBF2C17755500A9A37E /* MockAPIManager.swift */ = {isa = PBXFileReference; lastKnownFileType = sourcecode.swift; path = MockAPIManager.swift; sourceTree = "<group>"; };
		D4A6EDC12C1780C700A9A37E /* ApiManagerTests.swift */ = {isa = PBXFileReference; lastKnownFileType = sourcecode.swift; path = ApiManagerTests.swift; sourceTree = "<group>"; };
/* End PBXFileReference section */

/* Begin PBXFrameworksBuildPhase section */
		D4A6ED5A2C16FC4100A9A37E /* Frameworks */ = {
			isa = PBXFrameworksBuildPhase;
			buildActionMask = 2147483647;
			files = (
			);
			runOnlyForDeploymentPostprocessing = 0;
		};
		D4A6ED702C16FC4400A9A37E /* Frameworks */ = {
			isa = PBXFrameworksBuildPhase;
			buildActionMask = 2147483647;
			files = (
			);
			runOnlyForDeploymentPostprocessing = 0;
		};
		D4A6ED7A2C16FC4400A9A37E /* Frameworks */ = {
			isa = PBXFrameworksBuildPhase;
			buildActionMask = 2147483647;
			files = (
			);
			runOnlyForDeploymentPostprocessing = 0;
		};
/* End PBXFrameworksBuildPhase section */

/* Begin PBXGroup section */
		D4A6ED542C16FC4100A9A37E = {
			isa = PBXGroup;
			children = (
				D4A6ED5F2C16FC4100A9A37E /* LoginSignup-TestCase */,
				D4A6ED762C16FC4400A9A37E /* LoginSignup-TestCaseTests */,
				D4A6ED802C16FC4400A9A37E /* LoginSignup-TestCaseUITests */,
				D4A6ED5E2C16FC4100A9A37E /* Products */,
			);
			sourceTree = "<group>";
		};
		D4A6ED5E2C16FC4100A9A37E /* Products */ = {
			isa = PBXGroup;
			children = (
				D4A6ED5D2C16FC4100A9A37E /* LoginSignup-TestCase.app */,
				D4A6ED732C16FC4400A9A37E /* LoginSignup-TestCaseTests.xctest */,
				D4A6ED7D2C16FC4400A9A37E /* LoginSignup-TestCaseUITests.xctest */,
			);
			name = Products;
			sourceTree = "<group>";
		};
		D4A6ED5F2C16FC4100A9A37E /* LoginSignup-TestCase */ = {
			isa = PBXGroup;
			children = (
				D4A6ED9B2C16FDFA00A9A37E /* ServiceManager */,
				D4A6ED982C16FD6F00A9A37E /* Helper */,
				D4A6ED912C16FCEF00A9A37E /* Coordinate */,
				D4A6ED902C16FCDD00A9A37E /* Delegates */,
				D4A6ED9E2C16FEF400A9A37E /* Screens */,
				D4A6ED662C16FC4100A9A37E /* Main.storyboard */,
				D4A6ED692C16FC4400A9A37E /* Assets.xcassets */,
				D4A6ED6B2C16FC4400A9A37E /* LaunchScreen.storyboard */,
				D4A6ED6E2C16FC4400A9A37E /* Info.plist */,
			);
			path = "LoginSignup-TestCase";
			sourceTree = "<group>";
		};
		D4A6ED762C16FC4400A9A37E /* LoginSignup-TestCaseTests */ = {
			isa = PBXGroup;
			children = (
				D4A6EDBE2C17753E00A9A37E /* APIManager */,
				D4A6EDB92C1749DA00A9A37E /* LoginViewModel */,
				D4A6ED772C16FC4400A9A37E /* LoginSignup_TestCaseTests.swift */,
				D4A6EDB72C17090E00A9A37E /* Validation.swift */,
			);
			path = "LoginSignup-TestCaseTests";
			sourceTree = "<group>";
		};
		D4A6ED802C16FC4400A9A37E /* LoginSignup-TestCaseUITests */ = {
			isa = PBXGroup;
			children = (
				D4A6ED812C16FC4400A9A37E /* LoginSignup_TestCaseUITests.swift */,
				D4A6ED832C16FC4400A9A37E /* LoginSignup_TestCaseUITestsLaunchTests.swift */,
			);
			path = "LoginSignup-TestCaseUITests";
			sourceTree = "<group>";
		};
		D4A6ED902C16FCDD00A9A37E /* Delegates */ = {
			isa = PBXGroup;
			children = (
				D4A6ED602C16FC4100A9A37E /* AppDelegate.swift */,
				D4A6ED622C16FC4100A9A37E /* SceneDelegate.swift */,
			);
			path = Delegates;
			sourceTree = "<group>";
		};
		D4A6ED912C16FCEF00A9A37E /* Coordinate */ = {
			isa = PBXGroup;
			children = (
				D4A6ED932C16FD2B00A9A37E /* Coordinator.swift */,
				D4A6ED942C16FD2B00A9A37E /* MainCoordinator.swift */,
				D4A6ED922C16FD2B00A9A37E /* Storyboard.swift */,
			);
			path = Coordinate;
			sourceTree = "<group>";
		};
		D4A6ED982C16FD6F00A9A37E /* Helper */ = {
			isa = PBXGroup;
			children = (
				D4A6ED992C16FD7D00A9A37E /* Helper.swift */,
			);
			path = Helper;
			sourceTree = "<group>";
		};
		D4A6ED9B2C16FDFA00A9A37E /* ServiceManager */ = {
			isa = PBXGroup;
			children = (
				D4A6ED9C2C16FE0D00A9A37E /* APIManager.swift */,
			);
			path = ServiceManager;
			sourceTree = "<group>";
		};
		D4A6ED9E2C16FEF400A9A37E /* Screens */ = {
			isa = PBXGroup;
			children = (
				D4A6EDA62C1701A400A9A37E /* Validation */,
				D4A6EDA12C16FF1000A9A37E /* Model */,
				D4A6EDA02C16FF0800A9A37E /* ViewModel */,
				D4A6ED9F2C16FF0200A9A37E /* View */,
			);
			path = Screens;
			sourceTree = "<group>";
		};
		D4A6ED9F2C16FF0200A9A37E /* View */ = {
			isa = PBXGroup;
			children = (
				D4A6ED642C16FC4100A9A37E /* ViewController.swift */,
			);
			path = View;
			sourceTree = "<group>";
		};
		D4A6EDA02C16FF0800A9A37E /* ViewModel */ = {
			isa = PBXGroup;
			children = (
				D4A6EDA22C16FF3000A9A37E /* LoginViewModel.swift */,
			);
			path = ViewModel;
			sourceTree = "<group>";
		};
		D4A6EDA12C16FF1000A9A37E /* Model */ = {
			isa = PBXGroup;
			children = (
				D4A6EDA42C16FF4A00A9A37E /* LoginModel.swift */,
			);
			path = Model;
			sourceTree = "<group>";
		};
		D4A6EDA62C1701A400A9A37E /* Validation */ = {
			isa = PBXGroup;
			children = (
				D4A6EDA72C1701B900A9A37E /* ValidateData.swift */,
			);
			path = Validation;
			sourceTree = "<group>";
		};
		D4A6EDB92C1749DA00A9A37E /* LoginViewModel */ = {
			isa = PBXGroup;
			children = (
				D4A6EDBA2C1749F300A9A37E /* MockValidationHelper.swift */,
				D4A6EDBC2C174AD500A9A37E /* LoginViewModelTestCases.swift */,
			);
			path = LoginViewModel;
			sourceTree = "<group>";
		};
		D4A6EDBE2C17753E00A9A37E /* APIManager */ = {
			isa = PBXGroup;
			children = (
				D4A6EDBF2C17755500A9A37E /* MockAPIManager.swift */,
				D4A6EDC12C1780C700A9A37E /* ApiManagerTests.swift */,
			);
			path = APIManager;
			sourceTree = "<group>";
		};
/* End PBXGroup section */

/* Begin PBXNativeTarget section */
		D4A6ED5C2C16FC4100A9A37E /* LoginSignup-TestCase */ = {
			isa = PBXNativeTarget;
			buildConfigurationList = D4A6ED872C16FC4400A9A37E /* Build configuration list for PBXNativeTarget "LoginSignup-TestCase" */;
			buildPhases = (
				D4A6ED592C16FC4100A9A37E /* Sources */,
				D4A6ED5A2C16FC4100A9A37E /* Frameworks */,
				D4A6ED5B2C16FC4100A9A37E /* Resources */,
			);
			buildRules = (
			);
			dependencies = (
			);
			name = "LoginSignup-TestCase";
			productName = "LoginSignup-TestCase";
			productReference = D4A6ED5D2C16FC4100A9A37E /* LoginSignup-TestCase.app */;
			productType = "com.apple.product-type.application";
		};
		D4A6ED722C16FC4400A9A37E /* LoginSignup-TestCaseTests */ = {
			isa = PBXNativeTarget;
			buildConfigurationList = D4A6ED8A2C16FC4400A9A37E /* Build configuration list for PBXNativeTarget "LoginSignup-TestCaseTests" */;
			buildPhases = (
				D4A6ED6F2C16FC4400A9A37E /* Sources */,
				D4A6ED702C16FC4400A9A37E /* Frameworks */,
				D4A6ED712C16FC4400A9A37E /* Resources */,
			);
			buildRules = (
			);
			dependencies = (
				D4A6ED752C16FC4400A9A37E /* PBXTargetDependency */,
			);
			name = "LoginSignup-TestCaseTests";
			productName = "LoginSignup-TestCaseTests";
			productReference = D4A6ED732C16FC4400A9A37E /* LoginSignup-TestCaseTests.xctest */;
			productType = "com.apple.product-type.bundle.unit-test";
		};
		D4A6ED7C2C16FC4400A9A37E /* LoginSignup-TestCaseUITests */ = {
			isa = PBXNativeTarget;
			buildConfigurationList = D4A6ED8D2C16FC4400A9A37E /* Build configuration list for PBXNativeTarget "LoginSignup-TestCaseUITests" */;
			buildPhases = (
				D4A6ED792C16FC4400A9A37E /* Sources */,
				D4A6ED7A2C16FC4400A9A37E /* Frameworks */,
				D4A6ED7B2C16FC4400A9A37E /* Resources */,
			);
			buildRules = (
			);
			dependencies = (
				D4A6ED7F2C16FC4400A9A37E /* PBXTargetDependency */,
			);
			name = "LoginSignup-TestCaseUITests";
			productName = "LoginSignup-TestCaseUITests";
			productReference = D4A6ED7D2C16FC4400A9A37E /* LoginSignup-TestCaseUITests.xctest */;
			productType = "com.apple.product-type.bundle.ui-testing";
		};
/* End PBXNativeTarget section */

/* Begin PBXProject section */
		D4A6ED552C16FC4100A9A37E /* Project object */ = {
			isa = PBXProject;
			attributes = {
				BuildIndependentTargetsInParallel = 1;
				LastSwiftUpdateCheck = 1520;
				LastUpgradeCheck = 1520;
				TargetAttributes = {
					D4A6ED5C2C16FC4100A9A37E = {
						CreatedOnToolsVersion = 15.2;
					};
					D4A6ED722C16FC4400A9A37E = {
						CreatedOnToolsVersion = 15.2;
						TestTargetID = D4A6ED5C2C16FC4100A9A37E;
					};
					D4A6ED7C2C16FC4400A9A37E = {
						CreatedOnToolsVersion = 15.2;
						TestTargetID = D4A6ED5C2C16FC4100A9A37E;
					};
				};
			};
			buildConfigurationList = D4A6ED582C16FC4100A9A37E /* Build configuration list for PBXProject "LoginSignup-TestCase" */;
			compatibilityVersion = "Xcode 14.0";
			developmentRegion = en;
			hasScannedForEncodings = 0;
			knownRegions = (
				en,
				Base,
			);
			mainGroup = D4A6ED542C16FC4100A9A37E;
			productRefGroup = D4A6ED5E2C16FC4100A9A37E /* Products */;
			projectDirPath = "";
			projectRoot = "";
			targets = (
				D4A6ED5C2C16FC4100A9A37E /* LoginSignup-TestCase */,
				D4A6ED722C16FC4400A9A37E /* LoginSignup-TestCaseTests */,
				D4A6ED7C2C16FC4400A9A37E /* LoginSignup-TestCaseUITests */,
			);
		};
/* End PBXProject section */

/* Begin PBXResourcesBuildPhase section */
		D4A6ED5B2C16FC4100A9A37E /* Resources */ = {
			isa = PBXResourcesBuildPhase;
			buildActionMask = 2147483647;
			files = (
				D4A6ED6D2C16FC4400A9A37E /* LaunchScreen.storyboard in Resources */,
				D4A6ED6A2C16FC4400A9A37E /* Assets.xcassets in Resources */,
				D4A6ED682C16FC4100A9A37E /* Main.storyboard in Resources */,
			);
			runOnlyForDeploymentPostprocessing = 0;
		};
		D4A6ED712C16FC4400A9A37E /* Resources */ = {
			isa = PBXResourcesBuildPhase;
			buildActionMask = 2147483647;
			files = (
			);
			runOnlyForDeploymentPostprocessing = 0;
		};
		D4A6ED7B2C16FC4400A9A37E /* Resources */ = {
			isa = PBXResourcesBuildPhase;
			buildActionMask = 2147483647;
			files = (
			);
			runOnlyForDeploymentPostprocessing = 0;
		};
/* End PBXResourcesBuildPhase section */

/* Begin PBXSourcesBuildPhase section */
		D4A6ED592C16FC4100A9A37E /* Sources */ = {
			isa = PBXSourcesBuildPhase;
			buildActionMask = 2147483647;
			files = (
				D4A6ED9D2C16FE0D00A9A37E /* APIManager.swift in Sources */,
				D4A6ED952C16FD2B00A9A37E /* Storyboard.swift in Sources */,
				D4A6ED9A2C16FD7D00A9A37E /* Helper.swift in Sources */,
				D4A6EDA82C1701B900A9A37E /* ValidateData.swift in Sources */,
				D4A6ED972C16FD2B00A9A37E /* MainCoordinator.swift in Sources */,
				D4A6ED652C16FC4100A9A37E /* ViewController.swift in Sources */,
				D4A6EDA52C16FF4A00A9A37E /* LoginModel.swift in Sources */,
				D4A6ED962C16FD2B00A9A37E /* Coordinator.swift in Sources */,
				D4A6ED612C16FC4100A9A37E /* AppDelegate.swift in Sources */,
				D4A6ED632C16FC4100A9A37E /* SceneDelegate.swift in Sources */,
				D4A6EDA32C16FF3000A9A37E /* LoginViewModel.swift in Sources */,
			);
			runOnlyForDeploymentPostprocessing = 0;
		};
		D4A6ED6F2C16FC4400A9A37E /* Sources */ = {
			isa = PBXSourcesBuildPhase;
			buildActionMask = 2147483647;
			files = (
				D4A6EDBD2C174AD500A9A37E /* LoginViewModelTestCases.swift in Sources */,
				D4A6EDB82C17090E00A9A37E /* Validation.swift in Sources */,
				D4A6EDBB2C1749F300A9A37E /* MockValidationHelper.swift in Sources */,
				D4A6EDC02C17755500A9A37E /* MockAPIManager.swift in Sources */,
				D4A6EDC22C1780C700A9A37E /* ApiManagerTests.swift in Sources */,
				D4A6ED782C16FC4400A9A37E /* LoginSignup_TestCaseTests.swift in Sources */,
			);
			runOnlyForDeploymentPostprocessing = 0;
		};
		D4A6ED792C16FC4400A9A37E /* Sources */ = {
			isa = PBXSourcesBuildPhase;
			buildActionMask = 2147483647;
			files = (
				D4A6ED842C16FC4400A9A37E /* LoginSignup_TestCaseUITestsLaunchTests.swift in Sources */,
				D4A6ED822C16FC4400A9A37E /* LoginSignup_TestCaseUITests.swift in Sources */,
			);
			runOnlyForDeploymentPostprocessing = 0;
		};
/* End PBXSourcesBuildPhase section */

/* Begin PBXTargetDependency section */
		D4A6ED752C16FC4400A9A37E /* PBXTargetDependency */ = {
			isa = PBXTargetDependency;
			target = D4A6ED5C2C16FC4100A9A37E /* LoginSignup-TestCase */;
			targetProxy = D4A6ED742C16FC4400A9A37E /* PBXContainerItemProxy */;
		};
		D4A6ED7F2C16FC4400A9A37E /* PBXTargetDependency */ = {
			isa = PBXTargetDependency;
			target = D4A6ED5C2C16FC4100A9A37E /* LoginSignup-TestCase */;
			targetProxy = D4A6ED7E2C16FC4400A9A37E /* PBXContainerItemProxy */;
		};
/* End PBXTargetDependency section */

/* Begin PBXVariantGroup section */
		D4A6ED662C16FC4100A9A37E /* Main.storyboard */ = {
			isa = PBXVariantGroup;
			children = (
				D4A6ED672C16FC4100A9A37E /* Base */,
			);
			name = Main.storyboard;
			sourceTree = "<group>";
		};
		D4A6ED6B2C16FC4400A9A37E /* LaunchScreen.storyboard */ = {
			isa = PBXVariantGroup;
			children = (
				D4A6ED6C2C16FC4400A9A37E /* Base */,
			);
			name = LaunchScreen.storyboard;
			sourceTree = "<group>";
		};
/* End PBXVariantGroup section */

/* Begin XCBuildConfiguration section */
		D4A6ED852C16FC4400A9A37E /* Debug */ = {
			isa = XCBuildConfiguration;
			buildSettings = {
				ALWAYS_SEARCH_USER_PATHS = NO;
				ASSETCATALOG_COMPILER_GENERATE_SWIFT_ASSET_SYMBOL_EXTENSIONS = YES;
				CLANG_ANALYZER_NONNULL = YES;
				CLANG_ANALYZER_NUMBER_OBJECT_CONVERSION = YES_AGGRESSIVE;
				CLANG_CXX_LANGUAGE_STANDARD = "gnu++20";
				CLANG_ENABLE_MODULES = YES;
				CLANG_ENABLE_OBJC_ARC = YES;
				CLANG_ENABLE_OBJC_WEAK = YES;
				CLANG_WARN_BLOCK_CAPTURE_AUTORELEASING = YES;
				CLANG_WARN_BOOL_CONVERSION = YES;
				CLANG_WARN_COMMA = YES;
				CLANG_WARN_CONSTANT_CONVERSION = YES;
				CLANG_WARN_DEPRECATED_OBJC_IMPLEMENTATIONS = YES;
				CLANG_WARN_DIRECT_OBJC_ISA_USAGE = YES_ERROR;
				CLANG_WARN_DOCUMENTATION_COMMENTS = YES;
				CLANG_WARN_EMPTY_BODY = YES;
				CLANG_WARN_ENUM_CONVERSION = YES;
				CLANG_WARN_INFINITE_RECURSION = YES;
				CLANG_WARN_INT_CONVERSION = YES;
				CLANG_WARN_NON_LITERAL_NULL_CONVERSION = YES;
				CLANG_WARN_OBJC_IMPLICIT_RETAIN_SELF = YES;
				CLANG_WARN_OBJC_LITERAL_CONVERSION = YES;
				CLANG_WARN_OBJC_ROOT_CLASS = YES_ERROR;
				CLANG_WARN_QUOTED_INCLUDE_IN_FRAMEWORK_HEADER = YES;
				CLANG_WARN_RANGE_LOOP_ANALYSIS = YES;
				CLANG_WARN_STRICT_PROTOTYPES = YES;
				CLANG_WARN_SUSPICIOUS_MOVE = YES;
				CLANG_WARN_UNGUARDED_AVAILABILITY = YES_AGGRESSIVE;
				CLANG_WARN_UNREACHABLE_CODE = YES;
				CLANG_WARN__DUPLICATE_METHOD_MATCH = YES;
				COPY_PHASE_STRIP = NO;
				DEBUG_INFORMATION_FORMAT = dwarf;
				ENABLE_STRICT_OBJC_MSGSEND = YES;
				ENABLE_TESTABILITY = YES;
				ENABLE_USER_SCRIPT_SANDBOXING = YES;
				GCC_C_LANGUAGE_STANDARD = gnu17;
				GCC_DYNAMIC_NO_PIC = NO;
				GCC_NO_COMMON_BLOCKS = YES;
				GCC_OPTIMIZATION_LEVEL = 0;
				GCC_PREPROCESSOR_DEFINITIONS = (
					"DEBUG=1",
					"$(inherited)",
				);
				GCC_WARN_64_TO_32_BIT_CONVERSION = YES;
				GCC_WARN_ABOUT_RETURN_TYPE = YES_ERROR;
				GCC_WARN_UNDECLARED_SELECTOR = YES;
				GCC_WARN_UNINITIALIZED_AUTOS = YES_AGGRESSIVE;
				GCC_WARN_UNUSED_FUNCTION = YES;
				GCC_WARN_UNUSED_VARIABLE = YES;
				IPHONEOS_DEPLOYMENT_TARGET = 17.2;
				LOCALIZATION_PREFERS_STRING_CATALOGS = YES;
				MTL_ENABLE_DEBUG_INFO = INCLUDE_SOURCE;
				MTL_FAST_MATH = YES;
				ONLY_ACTIVE_ARCH = YES;
				SDKROOT = iphoneos;
				SWIFT_ACTIVE_COMPILATION_CONDITIONS = "DEBUG $(inherited)";
				SWIFT_OPTIMIZATION_LEVEL = "-Onone";
			};
			name = Debug;
		};
		D4A6ED862C16FC4400A9A37E /* Release */ = {
			isa = XCBuildConfiguration;
			buildSettings = {
				ALWAYS_SEARCH_USER_PATHS = NO;
				ASSETCATALOG_COMPILER_GENERATE_SWIFT_ASSET_SYMBOL_EXTENSIONS = YES;
				CLANG_ANALYZER_NONNULL = YES;
				CLANG_ANALYZER_NUMBER_OBJECT_CONVERSION = YES_AGGRESSIVE;
				CLANG_CXX_LANGUAGE_STANDARD = "gnu++20";
				CLANG_ENABLE_MODULES = YES;
				CLANG_ENABLE_OBJC_ARC = YES;
				CLANG_ENABLE_OBJC_WEAK = YES;
				CLANG_WARN_BLOCK_CAPTURE_AUTORELEASING = YES;
				CLANG_WARN_BOOL_CONVERSION = YES;
				CLANG_WARN_COMMA = YES;
				CLANG_WARN_CONSTANT_CONVERSION = YES;
				CLANG_WARN_DEPRECATED_OBJC_IMPLEMENTATIONS = YES;
				CLANG_WARN_DIRECT_OBJC_ISA_USAGE = YES_ERROR;
				CLANG_WARN_DOCUMENTATION_COMMENTS = YES;
				CLANG_WARN_EMPTY_BODY = YES;
				CLANG_WARN_ENUM_CONVERSION = YES;
				CLANG_WARN_INFINITE_RECURSION = YES;
				CLANG_WARN_INT_CONVERSION = YES;
				CLANG_WARN_NON_LITERAL_NULL_CONVERSION = YES;
				CLANG_WARN_OBJC_IMPLICIT_RETAIN_SELF = YES;
				CLANG_WARN_OBJC_LITERAL_CONVERSION = YES;
				CLANG_WARN_OBJC_ROOT_CLASS = YES_ERROR;
				CLANG_WARN_QUOTED_INCLUDE_IN_FRAMEWORK_HEADER = YES;
				CLANG_WARN_RANGE_LOOP_ANALYSIS = YES;
				CLANG_WARN_STRICT_PROTOTYPES = YES;
				CLANG_WARN_SUSPICIOUS_MOVE = YES;
				CLANG_WARN_UNGUARDED_AVAILABILITY = YES_AGGRESSIVE;
				CLANG_WARN_UNREACHABLE_CODE = YES;
				CLANG_WARN__DUPLICATE_METHOD_MATCH = YES;
				COPY_PHASE_STRIP = NO;
				DEBUG_INFORMATION_FORMAT = "dwarf-with-dsym";
				ENABLE_NS_ASSERTIONS = NO;
				ENABLE_STRICT_OBJC_MSGSEND = YES;
				ENABLE_USER_SCRIPT_SANDBOXING = YES;
				GCC_C_LANGUAGE_STANDARD = gnu17;
				GCC_NO_COMMON_BLOCKS = YES;
				GCC_WARN_64_TO_32_BIT_CONVERSION = YES;
				GCC_WARN_ABOUT_RETURN_TYPE = YES_ERROR;
				GCC_WARN_UNDECLARED_SELECTOR = YES;
				GCC_WARN_UNINITIALIZED_AUTOS = YES_AGGRESSIVE;
				GCC_WARN_UNUSED_FUNCTION = YES;
				GCC_WARN_UNUSED_VARIABLE = YES;
				IPHONEOS_DEPLOYMENT_TARGET = 17.2;
				LOCALIZATION_PREFERS_STRING_CATALOGS = YES;
				MTL_ENABLE_DEBUG_INFO = NO;
				MTL_FAST_MATH = YES;
				SDKROOT = iphoneos;
				SWIFT_COMPILATION_MODE = wholemodule;
				VALIDATE_PRODUCT = YES;
			};
			name = Release;
		};
		D4A6ED882C16FC4400A9A37E /* Debug */ = {
			isa = XCBuildConfiguration;
			buildSettings = {
				ASSETCATALOG_COMPILER_APPICON_NAME = AppIcon;
				ASSETCATALOG_COMPILER_GLOBAL_ACCENT_COLOR_NAME = AccentColor;
				CODE_SIGN_STYLE = Automatic;
				CURRENT_PROJECT_VERSION = 1;
				GENERATE_INFOPLIST_FILE = YES;
				INFOPLIST_FILE = "LoginSignup-TestCase/Info.plist";
				INFOPLIST_KEY_UIApplicationSupportsIndirectInputEvents = YES;
				INFOPLIST_KEY_UILaunchStoryboardName = LaunchScreen;
				INFOPLIST_KEY_UIMainStoryboardFile = Main;
				INFOPLIST_KEY_UISupportedInterfaceOrientations_iPad = "UIInterfaceOrientationPortrait UIInterfaceOrientationPortraitUpsideDown UIInterfaceOrientationLandscapeLeft UIInterfaceOrientationLandscapeRight";
				INFOPLIST_KEY_UISupportedInterfaceOrientations_iPhone = "UIInterfaceOrientationPortrait UIInterfaceOrientationLandscapeLeft UIInterfaceOrientationLandscapeRight";
				LD_RUNPATH_SEARCH_PATHS = (
					"$(inherited)",
					"@executable_path/Frameworks",
				);
				MARKETING_VERSION = 1.0;
				PRODUCT_BUNDLE_IDENTIFIER = "org.ankita.com.LoginSignup-TestCase";
				PRODUCT_NAME = "$(TARGET_NAME)";
				SWIFT_EMIT_LOC_STRINGS = YES;
				SWIFT_VERSION = 5.0;
				TARGETED_DEVICE_FAMILY = "1,2";
			};
			name = Debug;
		};
		D4A6ED892C16FC4400A9A37E /* Release */ = {
			isa = XCBuildConfiguration;
			buildSettings = {
				ASSETCATALOG_COMPILER_APPICON_NAME = AppIcon;
				ASSETCATALOG_COMPILER_GLOBAL_ACCENT_COLOR_NAME = AccentColor;
				CODE_SIGN_STYLE = Automatic;
				CURRENT_PROJECT_VERSION = 1;
				GENERATE_INFOPLIST_FILE = YES;
				INFOPLIST_FILE = "LoginSignup-TestCase/Info.plist";
				INFOPLIST_KEY_UIApplicationSupportsIndirectInputEvents = YES;
				INFOPLIST_KEY_UILaunchStoryboardName = LaunchScreen;
				INFOPLIST_KEY_UIMainStoryboardFile = Main;
				INFOPLIST_KEY_UISupportedInterfaceOrientations_iPad = "UIInterfaceOrientationPortrait UIInterfaceOrientationPortraitUpsideDown UIInterfaceOrientationLandscapeLeft UIInterfaceOrientationLandscapeRight";
				INFOPLIST_KEY_UISupportedInterfaceOrientations_iPhone = "UIInterfaceOrientationPortrait UIInterfaceOrientationLandscapeLeft UIInterfaceOrientationLandscapeRight";
				LD_RUNPATH_SEARCH_PATHS = (
					"$(inherited)",
					"@executable_path/Frameworks",
				);
				MARKETING_VERSION = 1.0;
				PRODUCT_BUNDLE_IDENTIFIER = "org.ankita.com.LoginSignup-TestCase";
				PRODUCT_NAME = "$(TARGET_NAME)";
				SWIFT_EMIT_LOC_STRINGS = YES;
				SWIFT_VERSION = 5.0;
				TARGETED_DEVICE_FAMILY = "1,2";
			};
			name = Release;
		};
		D4A6ED8B2C16FC4400A9A37E /* Debug */ = {
			isa = XCBuildConfiguration;
			buildSettings = {
				ALWAYS_EMBED_SWIFT_STANDARD_LIBRARIES = YES;
				BUNDLE_LOADER = "$(TEST_HOST)";
				CODE_SIGN_STYLE = Automatic;
				CURRENT_PROJECT_VERSION = 1;
				GENERATE_INFOPLIST_FILE = YES;
				IPHONEOS_DEPLOYMENT_TARGET = 17.2;
				MARKETING_VERSION = 1.0;
				PRODUCT_BUNDLE_IDENTIFIER = "org.ankita.com.LoginSignup-TestCaseTests";
				PRODUCT_NAME = "$(TARGET_NAME)";
				SWIFT_EMIT_LOC_STRINGS = NO;
				SWIFT_VERSION = 5.0;
				TARGETED_DEVICE_FAMILY = "1,2";
				TEST_HOST = "$(BUILT_PRODUCTS_DIR)/LoginSignup-TestCase.app/$(BUNDLE_EXECUTABLE_FOLDER_PATH)/LoginSignup-TestCase";
			};
			name = Debug;
		};
		D4A6ED8C2C16FC4400A9A37E /* Release */ = {
			isa = XCBuildConfiguration;
			buildSettings = {
				ALWAYS_EMBED_SWIFT_STANDARD_LIBRARIES = YES;
				BUNDLE_LOADER = "$(TEST_HOST)";
				CODE_SIGN_STYLE = Automatic;
				CURRENT_PROJECT_VERSION = 1;
				GENERATE_INFOPLIST_FILE = YES;
				IPHONEOS_DEPLOYMENT_TARGET = 17.2;
				MARKETING_VERSION = 1.0;
				PRODUCT_BUNDLE_IDENTIFIER = "org.ankita.com.LoginSignup-TestCaseTests";
				PRODUCT_NAME = "$(TARGET_NAME)";
				SWIFT_EMIT_LOC_STRINGS = NO;
				SWIFT_VERSION = 5.0;
				TARGETED_DEVICE_FAMILY = "1,2";
				TEST_HOST = "$(BUILT_PRODUCTS_DIR)/LoginSignup-TestCase.app/$(BUNDLE_EXECUTABLE_FOLDER_PATH)/LoginSignup-TestCase";
			};
			name = Release;
		};
		D4A6ED8E2C16FC4400A9A37E /* Debug */ = {
			isa = XCBuildConfiguration;
			buildSettings = {
				ALWAYS_EMBED_SWIFT_STANDARD_LIBRARIES = YES;
				CODE_SIGN_STYLE = Automatic;
				CURRENT_PROJECT_VERSION = 1;
				GENERATE_INFOPLIST_FILE = YES;
				MARKETING_VERSION = 1.0;
				PRODUCT_BUNDLE_IDENTIFIER = "org.ankita.com.LoginSignup-TestCaseUITests";
				PRODUCT_NAME = "$(TARGET_NAME)";
				SWIFT_EMIT_LOC_STRINGS = NO;
				SWIFT_VERSION = 5.0;
				TARGETED_DEVICE_FAMILY = "1,2";
				TEST_TARGET_NAME = "LoginSignup-TestCase";
			};
			name = Debug;
		};
		D4A6ED8F2C16FC4400A9A37E /* Release */ = {
			isa = XCBuildConfiguration;
			buildSettings = {
				ALWAYS_EMBED_SWIFT_STANDARD_LIBRARIES = YES;
				CODE_SIGN_STYLE = Automatic;
				CURRENT_PROJECT_VERSION = 1;
				GENERATE_INFOPLIST_FILE = YES;
				MARKETING_VERSION = 1.0;
				PRODUCT_BUNDLE_IDENTIFIER = "org.ankita.com.LoginSignup-TestCaseUITests";
				PRODUCT_NAME = "$(TARGET_NAME)";
				SWIFT_EMIT_LOC_STRINGS = NO;
				SWIFT_VERSION = 5.0;
				TARGETED_DEVICE_FAMILY = "1,2";
				TEST_TARGET_NAME = "LoginSignup-TestCase";
			};
			name = Release;
		};
/* End XCBuildConfiguration section */

/* Begin XCConfigurationList section */
		D4A6ED582C16FC4100A9A37E /* Build configuration list for PBXProject "LoginSignup-TestCase" */ = {
			isa = XCConfigurationList;
			buildConfigurations = (
				D4A6ED852C16FC4400A9A37E /* Debug */,
				D4A6ED862C16FC4400A9A37E /* Release */,
			);
			defaultConfigurationIsVisible = 0;
			defaultConfigurationName = Release;
		};
		D4A6ED872C16FC4400A9A37E /* Build configuration list for PBXNativeTarget "LoginSignup-TestCase" */ = {
			isa = XCConfigurationList;
			buildConfigurations = (
				D4A6ED882C16FC4400A9A37E /* Debug */,
				D4A6ED892C16FC4400A9A37E /* Release */,
			);
			defaultConfigurationIsVisible = 0;
			defaultConfigurationName = Release;
		};
		D4A6ED8A2C16FC4400A9A37E /* Build configuration list for PBXNativeTarget "LoginSignup-TestCaseTests" */ = {
			isa = XCConfigurationList;
			buildConfigurations = (
				D4A6ED8B2C16FC4400A9A37E /* Debug */,
				D4A6ED8C2C16FC4400A9A37E /* Release */,
			);
			defaultConfigurationIsVisible = 0;
			defaultConfigurationName = Release;
		};
		D4A6ED8D2C16FC4400A9A37E /* Build configuration list for PBXNativeTarget "LoginSignup-TestCaseUITests" */ = {
			isa = XCConfigurationList;
			buildConfigurations = (
				D4A6ED8E2C16FC4400A9A37E /* Debug */,
				D4A6ED8F2C16FC4400A9A37E /* Release */,
			);
			defaultConfigurationIsVisible = 0;
			defaultConfigurationName = Release;
		};
/* End XCConfigurationList section */
	};
	rootObject = D4A6ED552C16FC4100A9A37E /* Project object */;
}
